
Microsoft Visual Studio Solution File, Format Version 12.00
# Visual Studio Version 17
VisualStudioVersion = 17.11.35327.3
MinimumVisualStudioVersion = 10.0.40219.1
Project("{FAE04EC0-301F-11D3-BF4B-00C04F79EFBC}") = "API", "API\API.csproj", "{AC32AC34-9661-4497-B7F0-123899F808C9}"
EndProject
Project("{FAE04EC0-301F-11D3-BF4B-00C04F79EFBC}") = "Infrastructure", "Infrastructure\Infrastructure.csproj", "{59100301-9A54-4EAE-8689-3BFAF32EA101}"
EndProject
Project("{FAE04EC0-301F-11D3-BF4B-00C04F79EFBC}") = "Application", "Application\Application.csproj", "{4AB867FD-1005-4E67-B124-7CAFE23F45B7}"
EndProject
Project("{FAE04EC0-301F-11D3-BF4B-00C04F79EFBC}") = "Domain", "Domain\Domain.csproj", "{77872554-720F-4E74-8919-A43327745428}"
EndProject
Project("{FAE04EC0-301F-11D3-BF4B-00C04F79EFBC}") = "Persistence", "Persistence\Persistence.csproj", "{30FE0C4E-5DA6-4F96-977E-6ACA1EEAF24F}"
EndProject
Global
	GlobalSection(SolutionConfigurationPlatforms) = preSolution
		Debug|Any CPU = Debug|Any CPU
		Release|Any CPU = Release|Any CPU
	EndGlobalSection
	GlobalSection(ProjectConfigurationPlatforms) = postSolution
		{AC32AC34-9661-4497-B7F0-123899F808C9}.Debug|Any CPU.ActiveCfg = Debug|Any CPU
		{AC32AC34-9661-4497-B7F0-123899F808C9}.Debug|Any CPU.Build.0 = Debug|Any CPU
		{AC32AC34-9661-4497-B7F0-123899F808C9}.Release|Any CPU.ActiveCfg = Release|Any CPU
		{AC32AC34-9661-4497-B7F0-123899F808C9}.Release|Any CPU.Build.0 = Release|Any CPU
		{59100301-9A54-4EAE-8689-3BFAF32EA101}.Debug|Any CPU.ActiveCfg = Debug|Any CPU
		{59100301-9A54-4EAE-8689-3BFAF32EA101}.Debug|Any CPU.Build.0 = Debug|Any CPU
		{59100301-9A54-4EAE-8689-3BFAF32EA101}.Release|Any CPU.ActiveCfg = Release|Any CPU
		{59100301-9A54-4EAE-8689-3BFAF32EA101}.Release|Any CPU.Build.0 = Release|Any CPU
		{4AB867FD-1005-4E67-B124-7CAFE23F45B7}.Debug|Any CPU.ActiveCfg = Debug|Any CPU
		{4AB867FD-1005-4E67-B124-7CAFE23F45B7}.Debug|Any CPU.Build.0 = Debug|Any CPU
		{4AB867FD-1005-4E67-B124-7CAFE23F45B7}.Release|Any CPU.ActiveCfg = Release|Any CPU
		{4AB867FD-1005-4E67-B124-7CAFE23F45B7}.Release|Any CPU.Build.0 = Release|Any CPU
		{77872554-720F-4E74-8919-A43327745428}.Debug|Any CPU.ActiveCfg = Debug|Any CPU
		{77872554-720F-4E74-8919-A43327745428}.Debug|Any CPU.Build.0 = Debug|Any CPU
		{77872554-720F-4E74-8919-A43327745428}.Release|Any CPU.ActiveCfg = Release|Any CPU
		{77872554-720F-4E74-8919-A43327745428}.Release|Any CPU.Build.0 = Release|Any CPU
		{30FE0C4E-5DA6-4F96-977E-6ACA1EEAF24F}.Debug|Any CPU.ActiveCfg = Debug|Any CPU
		{30FE0C4E-5DA6-4F96-977E-6ACA1EEAF24F}.Debug|Any CPU.Build.0 = Debug|Any CPU
		{30FE0C4E-5DA6-4F96-977E-6ACA1EEAF24F}.Release|Any CPU.ActiveCfg = Release|Any CPU
		{30FE0C4E-5DA6-4F96-977E-6ACA1EEAF24F}.Release|Any CPU.Build.0 = Release|Any CPU
	EndGlobalSection
	GlobalSection(SolutionProperties) = preSolution
		HideSolutionNode = FALSE
	EndGlobalSection
	GlobalSection(ExtensibilityGlobals) = postSolution
		SolutionGuid = {30D8C80A-2B8F-4118-8E8C-109D2F90AD14}
	EndGlobalSection
EndGlobal
